
Microsoft Visual Studio Solution File, Format Version 12.00
# Visual Studio Version 17
VisualStudioVersion = 17.8.34330.188
MinimumVisualStudioVersion = 10.0.40219.1
Project("{9A19103F-16F7-4668-BE54-9A1E7A4F7556}") = "Web", "Web.csproj", "{1AF1BDD8-71D2-4741-BA37-D85744A092E2}"
EndProject
Project("{FAE04EC0-301F-11D3-BF4B-00C04F79EFBC}") = "TestProject", "..\TestProject\TestProject.csproj", "{FC1EBCD4-3255-47E3-B534-8472A8879AAB}"
EndProject
Global
	GlobalSection(SolutionConfigurationPlatforms) = preSolution
		Debug|Any CPU = Debug|Any CPU
		Release|Any CPU = Release|Any CPU
	EndGlobalSection
	GlobalSection(ProjectConfigurationPlatforms) = postSolution
		{1AF1BDD8-71D2-4741-BA37-D85744A092E2}.Debug|Any CPU.ActiveCfg = Debug|Any CPU
		{1AF1BDD8-71D2-4741-BA37-D85744A092E2}.Debug|Any CPU.Build.0 = Debug|Any CPU
		{1AF1BDD8-71D2-4741-BA37-D85744A092E2}.Release|Any CPU.ActiveCfg = Release|Any CPU
		{1AF1BDD8-71D2-4741-BA37-D85744A092E2}.Release|Any CPU.Build.0 = Release|Any CPU
		{FC1EBCD4-3255-47E3-B534-8472A8879AAB}.Debug|Any CPU.ActiveCfg = Debug|Any CPU
		{FC1EBCD4-3255-47E3-B534-8472A8879AAB}.Debug|Any CPU.Build.0 = Debug|Any CPU
		{FC1EBCD4-3255-47E3-B534-8472A8879AAB}.Release|Any CPU.ActiveCfg = Release|Any CPU
		{FC1EBCD4-3255-47E3-B534-8472A8879AAB}.Release|Any CPU.Build.0 = Release|Any CPU
	EndGlobalSection
	GlobalSection(SolutionProperties) = preSolution
		HideSolutionNode = FALSE
	EndGlobalSection
	GlobalSection(ExtensibilityGlobals) = postSolution
		SolutionGuid = {0DC1C6DE-3041-44CD-9704-ECC14F593E2D}
	EndGlobalSection
EndGlobal
