
Microsoft Visual Studio Solution File, Format Version 12.00
# Visual Studio Version 17
VisualStudioVersion = 17.3.32825.248
MinimumVisualStudioVersion = 10.0.40219.1
Project("{FAE04EC0-301F-11D3-BF4B-00C04F79EFBC}") = "View", "View.csproj", "{7FEFD9B6-AEA0-43BE-B1A7-334E632F3F5E}"
EndProject
Project("{FAE04EC0-301F-11D3-BF4B-00C04F79EFBC}") = "Model", "..\Model\Model.csproj", "{8A95F2AF-18AA-487F-A910-EEB0C1420A44}"
EndProject
Project("{FAE04EC0-301F-11D3-BF4B-00C04F79EFBC}") = "ViewModel", "..\ViewModel\ViewModel.csproj", "{9857B472-1881-4C28-AF96-1757978744DA}"
EndProject
Global
	GlobalSection(SolutionConfigurationPlatforms) = preSolution
		Debug|Any CPU = Debug|Any CPU
		Release|Any CPU = Release|Any CPU
	EndGlobalSection
	GlobalSection(ProjectConfigurationPlatforms) = postSolution
		{7FEFD9B6-AEA0-43BE-B1A7-334E632F3F5E}.Debug|Any CPU.ActiveCfg = Debug|Any CPU
		{7FEFD9B6-AEA0-43BE-B1A7-334E632F3F5E}.Debug|Any CPU.Build.0 = Debug|Any CPU
		{7FEFD9B6-AEA0-43BE-B1A7-334E632F3F5E}.Release|Any CPU.ActiveCfg = Release|Any CPU
		{7FEFD9B6-AEA0-43BE-B1A7-334E632F3F5E}.Release|Any CPU.Build.0 = Release|Any CPU
		{8A95F2AF-18AA-487F-A910-EEB0C1420A44}.Debug|Any CPU.ActiveCfg = Debug|Any CPU
		{8A95F2AF-18AA-487F-A910-EEB0C1420A44}.Debug|Any CPU.Build.0 = Debug|Any CPU
		{8A95F2AF-18AA-487F-A910-EEB0C1420A44}.Release|Any CPU.ActiveCfg = Release|Any CPU
		{8A95F2AF-18AA-487F-A910-EEB0C1420A44}.Release|Any CPU.Build.0 = Release|Any CPU
		{9857B472-1881-4C28-AF96-1757978744DA}.Debug|Any CPU.ActiveCfg = Debug|Any CPU
		{9857B472-1881-4C28-AF96-1757978744DA}.Debug|Any CPU.Build.0 = Debug|Any CPU
		{9857B472-1881-4C28-AF96-1757978744DA}.Release|Any CPU.ActiveCfg = Release|Any CPU
		{9857B472-1881-4C28-AF96-1757978744DA}.Release|Any CPU.Build.0 = Release|Any CPU
	EndGlobalSection
	GlobalSection(SolutionProperties) = preSolution
		HideSolutionNode = FALSE
	EndGlobalSection
	GlobalSection(ExtensibilityGlobals) = postSolution
		SolutionGuid = {FB08ABD2-CCFE-48C1-B512-1A56B6CF38A0}
	EndGlobalSection
EndGlobal
